{
  "name": "Oryzon Deco",
  "lockfileVersion": 3,
  "requires": true,
  "packages": {
    "": {
      "dependencies": {
        "@specifyapp/cli": "^1.2.0"
      }
    },
    "node_modules/@specifyapp/cli": {
      "version": "1.2.0",
      "resolved": "https://registry.npmjs.org/@specifyapp/cli/-/cli-1.2.0.tgz",
      "integrity": "sha512-/CnKMCd1eoc4Qs2zCooGwaGVBUh9MW7etkezuGDH1hw0hZPzE7oZBV6/hzVQe4n/1gWc09PaNG1BOWoktVnYAg==",
      "license": "UNLICENSED",
      "bin": {
        "specify": "dist_npm/index.mjs"
      },
      "engines": {
        "node": ">=16.20"
      }
    }
  }
}
